# THIS IS AN AUTOGENERATED FILE. DO NOT EDIT THIS FILE DIRECTLY.
# yarn lockfile v1


"@tiki.vn/tini-style@^0.1.1", "@tiki.vn/tini-style@0.1.1":
  "integrity" "sha512-V0JVBhsYmQ7Ue/NZ770Do6SxnJ2uvchAu13Y2pGkSXgfNflLhAY7r/I8QOyfOxvFhlaMLLH4i1KF6amk+vw9NA=="
  "resolved" "https://registry.npmjs.org/@tiki.vn/tini-style/-/tini-style-0.1.1.tgz"
  "version" "0.1.1"

"@tiki.vn/tini-ui@^0.1.1":
  "integrity" "sha512-4H4z1Vrxo9UdA64o0y4lvbtb/y8z0ZyD9dZIDUrR0bIymx/3Dh0IpZCdZNolqwNQ9YlECisJjSn4Id+RIrSzdA=="
  "resolved" "https://registry.npmjs.org/@tiki.vn/tini-ui/-/tini-ui-0.1.1.tgz"
  "version" "0.1.1"
  dependencies:
    "@tiki.vn/tini-style" "0.1.1"

"moment@^2.29.1":
  "integrity" "sha512-kHmoybcPV8Sqy59DwNDY3Jefr64lK/by/da0ViFcuA4DH0vQg5Q6Ze5VimxkfQNSC+Mls/Kx53s7TjP1RhFEDQ=="
  "resolved" "https://registry.npmjs.org/moment/-/moment-2.29.1.tgz"
  "version" "2.29.1"
